// !$*UTF8*$!
{
	archiveVersion = 1;
	classes = {
	};
	objectVersion = 48;
	objects = {

/* Begin PBXBuildFile section */
		793EA6141F867C6A000B6809 /* AppDelegate.swift in Sources */ = {isa = PBXBuildFile; fileRef = 793EA6131F867C6A000B6809 /* AppDelegate.swift */; };
		793EA6161F867C6A000B6809 /* ViewController.swift in Sources */ = {isa = PBXBuildFile; fileRef = 793EA6151F867C6A000B6809 /* ViewController.swift */; };
		793EA6191F867C6A000B6809 /* Main.storyboard in Resources */ = {isa = PBXBuildFile; fileRef = 793EA6171F867C6A000B6809 /* Main.storyboard */; };
		793EA61B1F867C6A000B6809 /* Assets.xcassets in Resources */ = {isa = PBXBuildFile; fileRef = 793EA61A1F867C6A000B6809 /* Assets.xcassets */; };
		793EA61E1F867C6A000B6809 /* LaunchScreen.storyboard in Resources */ = {isa = PBXBuildFile; fileRef = 793EA61C1F867C6A000B6809 /* LaunchScreen.storyboard */; };
		793EA6281F867DE9000B6809 /* ArticlesCollectionViewController.swift in Sources */ = {isa = PBXBuildFile; fileRef = 793EA6271F867DE9000B6809 /* ArticlesCollectionViewController.swift */; };
		793EA62B1F867F9A000B6809 /* HeaderView.swift in Sources */ = {isa = PBXBuildFile; fileRef = 793EA6291F867F9A000B6809 /* HeaderView.swift */; };
		793EA62C1F867F9A000B6809 /* HeaderView.xib in Resources */ = {isa = PBXBuildFile; fileRef = 793EA62A1F867F9A000B6809 /* HeaderView.xib */; };
		793EA62E1F868586000B6809 /* HeaderFlowLayout.swift in Sources */ = {isa = PBXBuildFile; fileRef = 793EA62D1F868586000B6809 /* HeaderFlowLayout.swift */; };
		793EA6301F86883C000B6809 /* UICollectionViewLayoutAttributes+Copying.swift in Sources */ = {isa = PBXBuildFile; fileRef = 793EA62F1F86883C000B6809 /* UICollectionViewLayoutAttributes+Copying.swift */; };
/* End PBXBuildFile section */

/* Begin PBXFileReference section */
		793EA6101F867C6A000B6809 /* Header.app */ = {isa = PBXFileReference; explicitFileType = wrapper.application; includeInIndex = 0; path = Header.app; sourceTree = BUILT_PRODUCTS_DIR; };
		793EA6131F867C6A000B6809 /* AppDelegate.swift */ = {isa = PBXFileReference; lastKnownFileType = sourcecode.swift; path = AppDelegate.swift; sourceTree = "<group>"; };
		793EA6151F867C6A000B6809 /* ViewController.swift */ = {isa = PBXFileReference; lastKnownFileType = sourcecode.swift; path = ViewController.swift; sourceTree = "<group>"; };
		793EA6181F867C6A000B6809 /* Base */ = {isa = PBXFileReference; lastKnownFileType = file.storyboard; name = Base; path = Base.lproj/Main.storyboard; sourceTree = "<group>"; };
		793EA61A1F867C6A000B6809 /* Assets.xcassets */ = {isa = PBXFileReference; lastKnownFileType = folder.assetcatalog; path = Assets.xcassets; sourceTree = "<group>"; };
		793EA61D1F867C6A000B6809 /* Base */ = {isa = PBXFileReference; lastKnownFileType = file.storyboard; name = Base; path = Base.lproj/LaunchScreen.storyboard; sourceTree = "<group>"; };
		793EA61F1F867C6A000B6809 /* Info.plist */ = {isa = PBXFileReference; lastKnownFileType = text.plist.xml; path = Info.plist; sourceTree = "<group>"; };
		793EA6271F867DE9000B6809 /* ArticlesCollectionViewController.swift */ = {isa = PBXFileReference; lastKnownFileType = sourcecode.swift; path = ArticlesCollectionViewController.swift; sourceTree = "<group>"; };
		793EA6291F867F9A000B6809 /* HeaderView.swift */ = {isa = PBXFileReference; lastKnownFileType = sourcecode.swift; path = HeaderView.swift; sourceTree = "<group>"; };
		793EA62A1F867F9A000B6809 /* HeaderView.xib */ = {isa = PBXFileReference; lastKnownFileType = file.xib; path = HeaderView.xib; sourceTree = "<group>"; };
		793EA62D1F868586000B6809 /* HeaderFlowLayout.swift */ = {isa = PBXFileReference; lastKnownFileType = sourcecode.swift; path = HeaderFlowLayout.swift; sourceTree = "<group>"; };
		793EA62F1F86883C000B6809 /* UICollectionViewLayoutAttributes+Copying.swift */ = {isa = PBXFileReference; lastKnownFileType = sourcecode.swift; path = "UICollectionViewLayoutAttributes+Copying.swift"; sourceTree = "<group>"; };
/* End PBXFileReference section */

/* Begin PBXFrameworksBuildPhase section */
		793EA60D1F867C6A000B6809 /* Frameworks */ = {
			isa = PBXFrameworksBuildPhase;
			buildActionMask = 2147483647;
			files = (
			);
			runOnlyForDeploymentPostprocessing = 0;
		};
/* End PBXFrameworksBuildPhase section */

/* Begin PBXGroup section */
		793EA6071F867C6A000B6809 = {
			isa = PBXGroup;
			children = (
				793EA6121F867C6A000B6809 /* Header */,
				793EA6111F867C6A000B6809 /* Products */,
			);
			sourceTree = "<group>";
		};
		793EA6111F867C6A000B6809 /* Products */ = {
			isa = PBXGroup;
			children = (
				793EA6101F867C6A000B6809 /* Header.app */,
			);
			name = Products;
			sourceTree = "<group>";
		};
		793EA6121F867C6A000B6809 /* Header */ = {
			isa = PBXGroup;
			children = (
				793EA6131F867C6A000B6809 /* AppDelegate.swift */,
				793EA6151F867C6A000B6809 /* ViewController.swift */,
				793EA6171F867C6A000B6809 /* Main.storyboard */,
				793EA61A1F867C6A000B6809 /* Assets.xcassets */,
				793EA61C1F867C6A000B6809 /* LaunchScreen.storyboard */,
				793EA61F1F867C6A000B6809 /* Info.plist */,
				793EA6271F867DE9000B6809 /* ArticlesCollectionViewController.swift */,
				793EA6291F867F9A000B6809 /* HeaderView.swift */,
				793EA62A1F867F9A000B6809 /* HeaderView.xib */,
				793EA62D1F868586000B6809 /* HeaderFlowLayout.swift */,
				793EA62F1F86883C000B6809 /* UICollectionViewLayoutAttributes+Copying.swift */,
			);
			path = Header;
			sourceTree = "<group>";
		};
/* End PBXGroup section */

/* Begin PBXNativeTarget section */
		793EA60F1F867C6A000B6809 /* Header */ = {
			isa = PBXNativeTarget;
			buildConfigurationList = 793EA6221F867C6A000B6809 /* Build configuration list for PBXNativeTarget "Header" */;
			buildPhases = (
				793EA60C1F867C6A000B6809 /* Sources */,
				793EA60D1F867C6A000B6809 /* Frameworks */,
				793EA60E1F867C6A000B6809 /* Resources */,
			);
			buildRules = (
			);
			dependencies = (
			);
			name = Header;
			productName = Header;
			productReference = 793EA6101F867C6A000B6809 /* Header.app */;
			productType = "com.apple.product-type.application";
		};
/* End PBXNativeTarget section */

/* Begin PBXProject section */
		793EA6081F867C6A000B6809 /* Project object */ = {
			isa = PBXProject;
			attributes = {
				LastSwiftUpdateCheck = 0900;
				LastUpgradeCheck = 0900;
				ORGANIZATIONNAME = BBC;
				TargetAttributes = {
					793EA60F1F867C6A000B6809 = {
						CreatedOnToolsVersion = 9.0;
						ProvisioningStyle = Automatic;
					};
				};
			};
			buildConfigurationList = 793EA60B1F867C6A000B6809 /* Build configuration list for PBXProject "Header" */;
			compatibilityVersion = "Xcode 8.0";
			developmentRegion = en;
			hasScannedForEncodings = 0;
			knownRegions = (
				en,
				Base,
			);
			mainGroup = 793EA6071F867C6A000B6809;
			productRefGroup = 793EA6111F867C6A000B6809 /* Products */;
			projectDirPath = "";
			projectRoot = "";
			targets = (
				793EA60F1F867C6A000B6809 /* Header */,
			);
		};
/* End PBXProject section */

/* Begin PBXResourcesBuildPhase section */
		793EA60E1F867C6A000B6809 /* Resources */ = {
			isa = PBXResourcesBuildPhase;
			buildActionMask = 2147483647;
			files = (
				793EA61E1F867C6A000B6809 /* LaunchScreen.storyboard in Resources */,
				793EA61B1F867C6A000B6809 /* Assets.xcassets in Resources */,
				793EA6191F867C6A000B6809 /* Main.storyboard in Resources */,
				793EA62C1F867F9A000B6809 /* HeaderView.xib in Resources */,
			);
			runOnlyForDeploymentPostprocessing = 0;
		};
/* End PBXResourcesBuildPhase section */

/* Begin PBXSourcesBuildPhase section */
		793EA60C1F867C6A000B6809 /* Sources */ = {
			isa = PBXSourcesBuildPhase;
			buildActionMask = 2147483647;
			files = (
				793EA6281F867DE9000B6809 /* ArticlesCollectionViewController.swift in Sources */,
				793EA62E1F868586000B6809 /* HeaderFlowLayout.swift in Sources */,
				793EA6161F867C6A000B6809 /* ViewController.swift in Sources */,
				793EA6141F867C6A000B6809 /* AppDelegate.swift in Sources */,
				793EA62B1F867F9A000B6809 /* HeaderView.swift in Sources */,
				793EA6301F86883C000B6809 /* UICollectionViewLayoutAttributes+Copying.swift in Sources */,
			);
			runOnlyForDeploymentPostprocessing = 0;
		};
/* End PBXSourcesBuildPhase section */

/* Begin PBXVariantGroup section */
		793EA6171F867C6A000B6809 /* Main.storyboard */ = {
			isa = PBXVariantGroup;
			children = (
				793EA6181F867C6A000B6809 /* Base */,
			);
			name = Main.storyboard;
			sourceTree = "<group>";
		};
		793EA61C1F867C6A000B6809 /* LaunchScreen.storyboard */ = {
			isa = PBXVariantGroup;
			children = (
				793EA61D1F867C6A000B6809 /* Base */,
			);
			name = LaunchScreen.storyboard;
			sourceTree = "<group>";
		};
/* End PBXVariantGroup section */

/* Begin XCBuildConfiguration section */
		793EA6201F867C6A000B6809 /* Debug */ = {
			isa = XCBuildConfiguration;
			buildSettings = {
				ALWAYS_SEARCH_USER_PATHS = NO;
				CLANG_ANALYZER_NONNULL = YES;
				CLANG_ANALYZER_NUMBER_OBJECT_CONVERSION = YES_AGGRESSIVE;
				CLANG_CXX_LANGUAGE_STANDARD = "gnu++14";
				CLANG_CXX_LIBRARY = "libc++";
				CLANG_ENABLE_MODULES = YES;
				CLANG_ENABLE_OBJC_ARC = YES;
				CLANG_WARN_BLOCK_CAPTURE_AUTORELEASING = YES;
				CLANG_WARN_BOOL_CONVERSION = YES;
				CLANG_WARN_COMMA = YES;
				CLANG_WARN_CONSTANT_CONVERSION = YES;
				CLANG_WARN_DIRECT_OBJC_ISA_USAGE = YES_ERROR;
				CLANG_WARN_DOCUMENTATION_COMMENTS = YES;
				CLANG_WARN_EMPTY_BODY = YES;
				CLANG_WARN_ENUM_CONVERSION = YES;
				CLANG_WARN_INFINITE_RECURSION = YES;
				CLANG_WARN_INT_CONVERSION = YES;
				CLANG_WARN_NON_LITERAL_NULL_CONVERSION = YES;
				CLANG_WARN_OBJC_LITERAL_CONVERSION = YES;
				CLANG_WARN_OBJC_ROOT_CLASS = YES_ERROR;
				CLANG_WARN_RANGE_LOOP_ANALYSIS = YES;
				CLANG_WARN_STRICT_PROTOTYPES = YES;
				CLANG_WARN_SUSPICIOUS_MOVE = YES;
				CLANG_WARN_UNGUARDED_AVAILABILITY = YES_AGGRESSIVE;
				CLANG_WARN_UNREACHABLE_CODE = YES;
				CLANG_WARN__DUPLICATE_METHOD_MATCH = YES;
				CODE_SIGN_IDENTITY = "iPhone Developer";
				COPY_PHASE_STRIP = NO;
				DEBUG_INFORMATION_FORMAT = dwarf;
				ENABLE_STRICT_OBJC_MSGSEND = YES;
				ENABLE_TESTABILITY = YES;
				GCC_C_LANGUAGE_STANDARD = gnu11;
				GCC_DYNAMIC_NO_PIC = NO;
				GCC_NO_COMMON_BLOCKS = YES;
				GCC_OPTIMIZATION_LEVEL = 0;
				GCC_PREPROCESSOR_DEFINITIONS = (
					"DEBUG=1",
					"$(inherited)",
				);
				GCC_WARN_64_TO_32_BIT_CONVERSION = YES;
				GCC_WARN_ABOUT_RETURN_TYPE = YES_ERROR;
				GCC_WARN_UNDECLARED_SELECTOR = YES;
				GCC_WARN_UNINITIALIZED_AUTOS = YES_AGGRESSIVE;
				GCC_WARN_UNUSED_FUNCTION = YES;
				GCC_WARN_UNUSED_VARIABLE = YES;
				IPHONEOS_DEPLOYMENT_TARGET = 11.0;
				MTL_ENABLE_DEBUG_INFO = YES;
				ONLY_ACTIVE_ARCH = YES;
				SDKROOT = iphoneos;
				SWIFT_ACTIVE_COMPILATION_CONDITIONS = DEBUG;
				SWIFT_OPTIMIZATION_LEVEL = "-Onone";
			};
			name = Debug;
		};
		793EA6211F867C6A000B6809 /* Release */ = {
			isa = XCBuildConfiguration;
			buildSettings = {
				ALWAYS_SEARCH_USER_PATHS = NO;
				CLANG_ANALYZER_NONNULL = YES;
				CLANG_ANALYZER_NUMBER_OBJECT_CONVERSION = YES_AGGRESSIVE;
				CLANG_CXX_LANGUAGE_STANDARD = "gnu++14";
				CLANG_CXX_LIBRARY = "libc++";
				CLANG_ENABLE_MODULES = YES;
				CLANG_ENABLE_OBJC_ARC = YES;
				CLANG_WARN_BLOCK_CAPTURE_AUTORELEASING = YES;
				CLANG_WARN_BOOL_CONVERSION = YES;
				CLANG_WARN_COMMA = YES;
				CLANG_WARN_CONSTANT_CONVERSION = YES;
				CLANG_WARN_DIRECT_OBJC_ISA_USAGE = YES_ERROR;
				CLANG_WARN_DOCUMENTATION_COMMENTS = YES;
				CLANG_WARN_EMPTY_BODY = YES;
				CLANG_WARN_ENUM_CONVERSION = YES;
				CLANG_WARN_INFINITE_RECURSION = YES;
				CLANG_WARN_INT_CONVERSION = YES;
				CLANG_WARN_NON_LITERAL_NULL_CONVERSION = YES;
				CLANG_WARN_OBJC_LITERAL_CONVERSION = YES;
				CLANG_WARN_OBJC_ROOT_CLASS = YES_ERROR;
				CLANG_WARN_RANGE_LOOP_ANALYSIS = YES;
				CLANG_WARN_STRICT_PROTOTYPES = YES;
				CLANG_WARN_SUSPICIOUS_MOVE = YES;
				CLANG_WARN_UNGUARDED_AVAILABILITY = YES_AGGRESSIVE;
				CLANG_WARN_UNREACHABLE_CODE = YES;
				CLANG_WARN__DUPLICATE_METHOD_MATCH = YES;
				CODE_SIGN_IDENTITY = "iPhone Developer";
				COPY_PHASE_STRIP = NO;
				DEBUG_INFORMATION_FORMAT = "dwarf-with-dsym";
				ENABLE_NS_ASSERTIONS = NO;
				ENABLE_STRICT_OBJC_MSGSEND = YES;
				GCC_C_LANGUAGE_STANDARD = gnu11;
				GCC_NO_COMMON_BLOCKS = YES;
				GCC_WARN_64_TO_32_BIT_CONVERSION = YES;
				GCC_WARN_ABOUT_RETURN_TYPE = YES_ERROR;
				GCC_WARN_UNDECLARED_SELECTOR = YES;
				GCC_WARN_UNINITIALIZED_AUTOS = YES_AGGRESSIVE;
				GCC_WARN_UNUSED_FUNCTION = YES;
				GCC_WARN_UNUSED_VARIABLE = YES;
				IPHONEOS_DEPLOYMENT_TARGET = 11.0;
				MTL_ENABLE_DEBUG_INFO = NO;
				SDKROOT = iphoneos;
				SWIFT_OPTIMIZATION_LEVEL = "-Owholemodule";
				VALIDATE_PRODUCT = YES;
			};
			name = Release;
		};
		793EA6231F867C6A000B6809 /* Debug */ = {
			isa = XCBuildConfiguration;
			buildSettings = {
				ASSETCATALOG_COMPILER_APPICON_NAME = AppIcon;
				CODE_SIGN_STYLE = Automatic;
				DEVELOPMENT_TEAM = 2H3G5QN682;
				INFOPLIST_FILE = Header/Info.plist;
				IPHONEOS_DEPLOYMENT_TARGET = 10.3;
				LD_RUNPATH_SEARCH_PATHS = "$(inherited) @executable_path/Frameworks";
				PRODUCT_BUNDLE_IDENTIFIER = com.gspiers.testing.Header;
				PRODUCT_NAME = "$(TARGET_NAME)";
				SWIFT_VERSION = 4.0;
				TARGETED_DEVICE_FAMILY = "1,2";
			};
			name = Debug;
		};
		793EA6241F867C6A000B6809 /* Release */ = {
			isa = XCBuildConfiguration;
			buildSettings = {
				ASSETCATALOG_COMPILER_APPICON_NAME = AppIcon;
				CODE_SIGN_STYLE = Automatic;
				DEVELOPMENT_TEAM = 2H3G5QN682;
				INFOPLIST_FILE = Header/Info.plist;
				IPHONEOS_DEPLOYMENT_TARGET = 10.3;
				LD_RUNPATH_SEARCH_PATHS = "$(inherited) @executable_path/Frameworks";
				PRODUCT_BUNDLE_IDENTIFIER = com.gspiers.testing.Header;
				PRODUCT_NAME = "$(TARGET_NAME)";
				SWIFT_VERSION = 4.0;
				TARGETED_DEVICE_FAMILY = "1,2";
			};
			name = Release;
		};
/* End XCBuildConfiguration section */

/* Begin XCConfigurationList section */
		793EA60B1F867C6A000B6809 /* Build configuration list for PBXProject "Header" */ = {
			isa = XCConfigurationList;
			buildConfigurations = (
				793EA6201F867C6A000B6809 /* Debug */,
				793EA6211F867C6A000B6809 /* Release */,
			);
			defaultConfigurationIsVisible = 0;
			defaultConfigurationName = Release;
		};
		793EA6221F867C6A000B6809 /* Build configuration list for PBXNativeTarget "Header" */ = {
			isa = XCConfigurationList;
			buildConfigurations = (
				793EA6231F867C6A000B6809 /* Debug */,
				793EA6241F867C6A000B6809 /* Release */,
			);
			defaultConfigurationIsVisible = 0;
			defaultConfigurationName = Release;
		};
/* End XCConfigurationList section */
	};
	rootObject = 793EA6081F867C6A000B6809 /* Project object */;
}
